
Microsoft Visual Studio Solution File, Format Version 12.00
# Visual Studio Version 17
VisualStudioVersion = 17.11.35219.272
MinimumVisualStudioVersion = 10.0.40219.1
Project("{8BC9CEB8-8B4A-11D0-8D11-00A0C91BC942}") = "task2_24game_plus", "task2_24game_plus.vcxproj", "{F4771190-3952-463B-965C-0F8A9556EFAE}"
EndProject
Global
	GlobalSection(SolutionConfigurationPlatforms) = preSolution
		Debug|x64 = Debug|x64
		Debug|x86 = Debug|x86
		Release|x64 = Release|x64
		Release|x86 = Release|x86
	EndGlobalSection
	GlobalSection(ProjectConfigurationPlatforms) = postSolution
		{F4771190-3952-463B-965C-0F8A9556EFAE}.Debug|x64.ActiveCfg = Debug|x64
		{F4771190-3952-463B-965C-0F8A9556EFAE}.Debug|x64.Build.0 = Debug|x64
		{F4771190-3952-463B-965C-0F8A9556EFAE}.Debug|x86.ActiveCfg = Debug|Win32
		{F4771190-3952-463B-965C-0F8A9556EFAE}.Debug|x86.Build.0 = Debug|Win32
		{F4771190-3952-463B-965C-0F8A9556EFAE}.Release|x64.ActiveCfg = Release|x64
		{F4771190-3952-463B-965C-0F8A9556EFAE}.Release|x64.Build.0 = Release|x64
		{F4771190-3952-463B-965C-0F8A9556EFAE}.Release|x86.ActiveCfg = Release|Win32
		{F4771190-3952-463B-965C-0F8A9556EFAE}.Release|x86.Build.0 = Release|Win32
	EndGlobalSection
	GlobalSection(SolutionProperties) = preSolution
		HideSolutionNode = FALSE
	EndGlobalSection
	GlobalSection(ExtensibilityGlobals) = postSolution
		SolutionGuid = {D87AB110-E2A9-435D-B8F6-DCDD08EF311D}
	EndGlobalSection
EndGlobal
