
Microsoft Visual Studio Solution File, Format Version 12.00
# Visual Studio Version 17
VisualStudioVersion = 17.11.35208.52
MinimumVisualStudioVersion = 10.0.40219.1
Project("{8BC9CEB8-8B4A-11D0-8D11-00A0C91BC942}") = "task1_24game", "task1_24game.vcxproj", "{375E8863-6520-4692-9A78-DDF6274199C9}"
EndProject
Global
	GlobalSection(SolutionConfigurationPlatforms) = preSolution
		Debug|x64 = Debug|x64
		Debug|x86 = Debug|x86
		Release|x64 = Release|x64
		Release|x86 = Release|x86
	EndGlobalSection
	GlobalSection(ProjectConfigurationPlatforms) = postSolution
		{375E8863-6520-4692-9A78-DDF6274199C9}.Debug|x64.ActiveCfg = Debug|x64
		{375E8863-6520-4692-9A78-DDF6274199C9}.Debug|x64.Build.0 = Debug|x64
		{375E8863-6520-4692-9A78-DDF6274199C9}.Debug|x86.ActiveCfg = Debug|Win32
		{375E8863-6520-4692-9A78-DDF6274199C9}.Debug|x86.Build.0 = Debug|Win32
		{375E8863-6520-4692-9A78-DDF6274199C9}.Release|x64.ActiveCfg = Release|x64
		{375E8863-6520-4692-9A78-DDF6274199C9}.Release|x64.Build.0 = Release|x64
		{375E8863-6520-4692-9A78-DDF6274199C9}.Release|x86.ActiveCfg = Release|Win32
		{375E8863-6520-4692-9A78-DDF6274199C9}.Release|x86.Build.0 = Release|Win32
	EndGlobalSection
	GlobalSection(SolutionProperties) = preSolution
		HideSolutionNode = FALSE
	EndGlobalSection
	GlobalSection(ExtensibilityGlobals) = postSolution
		SolutionGuid = {24F0AC9E-06B4-4CD8-9DAB-B0CD744E4221}
	EndGlobalSection
EndGlobal
